<?xml version="1.0" encoding="utf-8"?>
<Project ToolsVersion="4.0" xmlns="http://schemas.microsoft.com/developer/msbuild/2003">
  <ItemGroup>
    <Filter Include="Source Files">
      <UniqueIdentifier>{4FC737F1-C7A5-4376-A066-2A32D752A2FF}</UniqueIdentifier>
      <Extensions>cpp;c;cc;cxx;def;odl;idl;hpj;bat;asm;asmx</Extensions>
    </Filter>
    <Filter Include="Header Files">
      <UniqueIdentifier>{93995380-89BD-4b04-88EB-625FBE52EBFB}</UniqueIdentifier>
      <Extensions>h;hpp;hxx;hm;inl;inc;xsd</Extensions>
    </Filter>
    <Filter Include="Resource Files">
      <UniqueIdentifier>{67DA6AB6-F800-4c08-8B7A-83BB121AAD01}</UniqueIdentifier>
      <Extensions>rc;ico;cur;bmp;dlg;rc2;rct;bin;rgs;gif;jpg;jpeg;jpe;resx;tiff;tif;png;wav;mfcribbon-ms</Extensions>
    </Filter>
  </ItemGroup>
  <ItemGroup>
    <ClCompile Include="..\plist.c">
      <Filter>Source Files</Filter>
    </ClCompile>
    <ClCompile Include="..\pwnage2.c">
      <Filter>Source Files</Filter>
    </ClCompile>
    <ClCompile Include="..\shatter.c">
      <Filter>Source Files</Filter>
    </ClCompile>
    <ClCompile Include="..\shell.c">
      <Filter>Source Files</Filter>
    </ClCompile>
    <ClCompile Include="..\sighldr.c">
      <Filter>Source Files</Filter>
    </ClCompile>
    <ClCompile Include="..\steaks4uce.c">
      <Filter>Source Files</Filter>
    </ClCompile>
    <ClCompile Include="..\win32.cpp">
      <Filter>Source Files</Filter>
    </ClCompile>
    <ClCompile Include="..\8900.c">
      <Filter>Source Files</Filter>
    </ClCompile>
    <ClCompile Include="..\abstractfile.c">
      <Filter>Source Files</Filter>
    </ClCompile>
    <ClCompile Include="..\base64.c">
      <Filter>Source Files</Filter>
    </ClCompile>
    <ClCompile Include="..\bsdiff.c">
      <Filter>Source Files</Filter>
    </ClCompile>
    <ClCompile Include="..\crtsup.c">
      <Filter>Source Files</Filter>
    </ClCompile>
    <ClCompile Include="..\ibootim.c">
      <Filter>Source Files</Filter>
    </ClCompile>
    <ClCompile Include="..\img2.c">
      <Filter>Source Files</Filter>
    </ClCompile>
    <ClCompile Include="..\img3.c">
      <Filter>Source Files</Filter>
    </ClCompile>
    <ClCompile Include="..\libirecovery.c">
      <Filter>Source Files</Filter>
    </ClCompile>
    <ClCompile Include="..\libpartial.c">
      <Filter>Source Files</Filter>
    </ClCompile>
    <ClCompile Include="..\limera1n.c">
      <Filter>Source Files</Filter>
    </ClCompile>
    <ClCompile Include="..\lzss.c">
      <Filter>Source Files</Filter>
    </ClCompile>
    <ClCompile Include="..\lzssfile.c">
      <Filter>Source Files</Filter>
    </ClCompile>
    <ClCompile Include="..\main.c">
      <Filter>Source Files</Filter>
    </ClCompile>
    <ClCompile Include="..\nor_files.c">
      <Filter>Source Files</Filter>
    </ClCompile>
    <ClCompile Include="..\patch.c">
      <Filter>Source Files</Filter>
    </ClCompile>
    <ClCompile Include="..\patches.c">
      <Filter>Source Files</Filter>
    </ClCompile>
    <ClCompile Include="..\libusb-1.0\os\darwin_usb.c">
      <Filter>Header Files</Filter>
    </ClCompile>
    <ClCompile Include="..\libusb-1.0\os\linux_usbfs.c">
      <Filter>Header Files</Filter>
    </ClCompile>
    <ClCompile Include="..\libusb-1.0\os\poll_windows.c">
      <Filter>Header Files</Filter>
    </ClCompile>
    <ClCompile Include="..\libusb-1.0\os\threads_windows.c">
      <Filter>Header Files</Filter>
    </ClCompile>
    <ClCompile Include="..\libusb-1.0\os\windows_usb.c">
      <Filter>Header Files</Filter>
    </ClCompile>
  </ItemGroup>
  <ItemGroup>
    <ClInclude Include="..\sn0w.h">
      <Filter>Header Files</Filter>
    </ClInclude>
    <ClInclude Include="..\xpwntool\abstractfile.h">
      <Filter>Header Files</Filter>
    </ClInclude>
    <ClInclude Include="..\xpwntool\common.h">
      <Filter>Header Files</Filter>
    </ClInclude>
    <ClInclude Include="..\xpwntool\dmg\dmg.h">
      <Filter>Header Files</Filter>
    </ClInclude>
    <ClInclude Include="..\xpwntool\dmg\dmgfile.h">
      <Filter>Header Files</Filter>
    </ClInclude>
    <ClInclude Include="..\xpwntool\dmg\dmglib.h">
      <Filter>Header Files</Filter>
    </ClInclude>
    <ClInclude Include="..\xpwntool\dmg\filevault.h">
      <Filter>Header Files</Filter>
    </ClInclude>
    <ClInclude Include="..\xpwntool\hfs\hfscompress.h">
      <Filter>Header Files</Filter>
    </ClInclude>
    <ClInclude Include="..\xpwntool\hfs\hfslib.h">
      <Filter>Header Files</Filter>
    </ClInclude>
    <ClInclude Include="..\xpwntool\hfs\hfsplus.h">
      <Filter>Header Files</Filter>
    </ClInclude>
    <ClInclude Include="..\xpwntool\partial\firmwaremaster.h">
      <Filter>Header Files</Filter>
    </ClInclude>
    <ClInclude Include="..\xpwntool\partial\partial.h">
      <Filter>Header Files</Filter>
    </ClInclude>
    <ClInclude Include="..\xpwntool\xpwn\8900.h">
      <Filter>Header Files</Filter>
    </ClInclude>
    <ClInclude Include="..\xpwntool\xpwn\ibootim.h">
      <Filter>Header Files</Filter>
    </ClInclude>
    <ClInclude Include="..\xpwntool\xpwn\img2.h">
      <Filter>Header Files</Filter>
    </ClInclude>
    <ClInclude Include="..\xpwntool\xpwn\img3.h">
      <Filter>Header Files</Filter>
    </ClInclude>
    <ClInclude Include="..\xpwntool\xpwn\libxpwn.h">
      <Filter>Header Files</Filter>
    </ClInclude>
    <ClInclude Include="..\xpwntool\xpwn\lzss.h">
      <Filter>Header Files</Filter>
    </ClInclude>
    <ClInclude Include="..\xpwntool\xpwn\lzssfile.h">
      <Filter>Header Files</Filter>
    </ClInclude>
    <ClInclude Include="..\xpwntool\xpwn\nor_files.h">
      <Filter>Header Files</Filter>
    </ClInclude>
    <ClInclude Include="..\xpwntool\xpwn\outputstate.h">
      <Filter>Header Files</Filter>
    </ClInclude>
    <ClInclude Include="..\xpwntool\xpwn\plist.h">
      <Filter>Header Files</Filter>
    </ClInclude>
    <ClInclude Include="..\xpwntool\xpwn\pwnutil.h">
      <Filter>Header Files</Filter>
    </ClInclude>
    <ClInclude Include="..\libusb-1.0\config.h">
      <Filter>Header Files</Filter>
    </ClInclude>
    <ClInclude Include="..\libusb-1.0\libusb.h">
      <Filter>Header Files</Filter>
    </ClInclude>
    <ClInclude Include="..\libusb-1.0\libusbi.h">
      <Filter>Header Files</Filter>
    </ClInclude>
    <ClInclude Include="..\libusb-1.0\os\config.h">
      <Filter>Header Files</Filter>
    </ClInclude>
    <ClInclude Include="..\libusb-1.0\os\darwin_usb.h">
      <Filter>Header Files</Filter>
    </ClInclude>
    <ClInclude Include="..\libusb-1.0\os\libusb.h">
      <Filter>Header Files</Filter>
    </ClInclude>
    <ClInclude Include="..\libusb-1.0\os\libusbi.h">
      <Filter>Header Files</Filter>
    </ClInclude>
    <ClInclude Include="..\libusb-1.0\os\linux_usbfs.h">
      <Filter>Header Files</Filter>
    </ClInclude>
    <ClInclude Include="..\libusb-1.0\os\poll_posix.h">
      <Filter>Header Files</Filter>
    </ClInclude>
    <ClInclude Include="..\libusb-1.0\os\poll_windows.h">
      <Filter>Header Files</Filter>
    </ClInclude>
    <ClInclude Include="..\libusb-1.0\os\threads_posix.h">
      <Filter>Header Files</Filter>
    </ClInclude>
    <ClInclude Include="..\libusb-1.0\os\threads_windows.h">
      <Filter>Header Files</Filter>
    </ClInclude>
    <ClInclude Include="..\libusb-1.0\os\windows_usb.h">
      <Filter>Header Files</Filter>
    </ClInclude>
  </ItemGroup>
  <ItemGroup>
    <Image Include="..\opensn0w.ico">
      <Filter>Resource Files</Filter>
    </Image>
  </ItemGroup>
  <ItemGroup>
    <ResourceCompile Include="..\opensn0w.rc">
      <Filter>Resource Files</Filter>
    </ResourceCompile>
  </ItemGroup>
</Project>
